// !$*UTF8*$!
{
	archiveVersion = 1;
	classes = {
	};
	objectVersion = 77;
	objects = {

/* Begin PBXContainerItemProxy section */
		5E36BE952CC0254F00E92477 /* PBXContainerItemProxy */ = {
			isa = PBXContainerItemProxy;
			containerPortal = 5E36BE7C2CC0254E00E92477 /* Project object */;
			proxyType = 1;
			remoteGlobalIDString = 5E36BE832CC0254E00E92477;
			remoteInfo = HowToWinRockPaperScissors;
		};
		5E36BE9F2CC0254F00E92477 /* PBXContainerItemProxy */ = {
			isa = PBXContainerItemProxy;
			containerPortal = 5E36BE7C2CC0254E00E92477 /* Project object */;
			proxyType = 1;
			remoteGlobalIDString = 5E36BE832CC0254E00E92477;
			remoteInfo = HowToWinRockPaperScissors;
		};
/* End PBXContainerItemProxy section */

/* Begin PBXFileReference section */
		5E36BE842CC0254E00E92477 /* HowToWinRockPaperScissors.app */ = {isa = PBXFileReference; explicitFileType = wrapper.application; includeInIndex = 0; path = HowToWinRockPaperScissors.app; sourceTree = BUILT_PRODUCTS_DIR; };
		5E36BE942CC0254F00E92477 /* HowToWinRockPaperScissorsTests.xctest */ = {isa = PBXFileReference; explicitFileType = wrapper.cfbundle; includeInIndex = 0; path = HowToWinRockPaperScissorsTests.xctest; sourceTree = BUILT_PRODUCTS_DIR; };
		5E36BE9E2CC0254F00E92477 /* HowToWinRockPaperScissorsUITests.xctest */ = {isa = PBXFileReference; explicitFileType = wrapper.cfbundle; includeInIndex = 0; path = HowToWinRockPaperScissorsUITests.xctest; sourceTree = BUILT_PRODUCTS_DIR; };
/* End PBXFileReference section */

/* Begin PBXFileSystemSynchronizedRootGroup section */
		5E36BE862CC0254E00E92477 /* HowToWinRockPaperScissors */ = {
			isa = PBXFileSystemSynchronizedRootGroup;
			path = HowToWinRockPaperScissors;
			sourceTree = "<group>";
		};
		5E36BE972CC0254F00E92477 /* HowToWinRockPaperScissorsTests */ = {
			isa = PBXFileSystemSynchronizedRootGroup;
			path = HowToWinRockPaperScissorsTests;
			sourceTree = "<group>";
		};
		5E36BEA12CC0254F00E92477 /* HowToWinRockPaperScissorsUITests */ = {
			isa = PBXFileSystemSynchronizedRootGroup;
			path = HowToWinRockPaperScissorsUITests;
			sourceTree = "<group>";
		};
/* End PBXFileSystemSynchronizedRootGroup section */

/* Begin PBXFrameworksBuildPhase section */
		5E36BE812CC0254E00E92477 /* Frameworks */ = {
			isa = PBXFrameworksBuildPhase;
			buildActionMask = 2147483647;
			files = (
			);
			runOnlyForDeploymentPostprocessing = 0;
		};
		5E36BE912CC0254F00E92477 /* Frameworks */ = {
			isa = PBXFrameworksBuildPhase;
			buildActionMask = 2147483647;
			files = (
			);
			runOnlyForDeploymentPostprocessing = 0;
		};
		5E36BE9B2CC0254F00E92477 /* Frameworks */ = {
			isa = PBXFrameworksBuildPhase;
			buildActionMask = 2147483647;
			files = (
			);
			runOnlyForDeploymentPostprocessing = 0;
		};
/* End PBXFrameworksBuildPhase section */

/* Begin PBXGroup section */
		5E36BE7B2CC0254E00E92477 = {
			isa = PBXGroup;
			children = (
				5E36BE862CC0254E00E92477 /* HowToWinRockPaperScissors */,
				5E36BE972CC0254F00E92477 /* HowToWinRockPaperScissorsTests */,
				5E36BEA12CC0254F00E92477 /* HowToWinRockPaperScissorsUITests */,
				5E36BE852CC0254E00E92477 /* Products */,
			);
			sourceTree = "<group>";
		};
		5E36BE852CC0254E00E92477 /* Products */ = {
			isa = PBXGroup;
			children = (
				5E36BE842CC0254E00E92477 /* HowToWinRockPaperScissors.app */,
				5E36BE942CC0254F00E92477 /* HowToWinRockPaperScissorsTests.xctest */,
				5E36BE9E2CC0254F00E92477 /* HowToWinRockPaperScissorsUITests.xctest */,
			);
			name = Products;
			sourceTree = "<group>";
		};
/* End PBXGroup section */

/* Begin PBXNativeTarget section */
		5E36BE832CC0254E00E92477 /* HowToWinRockPaperScissors */ = {
			isa = PBXNativeTarget;
			buildConfigurationList = 5E36BEA82CC0254F00E92477 /* Build configuration list for PBXNativeTarget "HowToWinRockPaperScissors" */;
			buildPhases = (
				5E36BE802CC0254E00E92477 /* Sources */,
				5E36BE812CC0254E00E92477 /* Frameworks */,
				5E36BE822CC0254E00E92477 /* Resources */,
			);
			buildRules = (
			);
			dependencies = (
			);
			fileSystemSynchronizedGroups = (
				5E36BE862CC0254E00E92477 /* HowToWinRockPaperScissors */,
			);
			name = HowToWinRockPaperScissors;
			packageProductDependencies = (
			);
			productName = HowToWinRockPaperScissors;
			productReference = 5E36BE842CC0254E00E92477 /* HowToWinRockPaperScissors.app */;
			productType = "com.apple.product-type.application";
		};
		5E36BE932CC0254F00E92477 /* HowToWinRockPaperScissorsTests */ = {
			isa = PBXNativeTarget;
			buildConfigurationList = 5E36BEAB2CC0254F00E92477 /* Build configuration list for PBXNativeTarget "HowToWinRockPaperScissorsTests" */;
			buildPhases = (
				5E36BE902CC0254F00E92477 /* Sources */,
				5E36BE912CC0254F00E92477 /* Frameworks */,
				5E36BE922CC0254F00E92477 /* Resources */,
			);
			buildRules = (
			);
			dependencies = (
				5E36BE962CC0254F00E92477 /* PBXTargetDependency */,
			);
			fileSystemSynchronizedGroups = (
				5E36BE972CC0254F00E92477 /* HowToWinRockPaperScissorsTests */,
			);
			name = HowToWinRockPaperScissorsTests;
			packageProductDependencies = (
			);
			productName = HowToWinRockPaperScissorsTests;
			productReference = 5E36BE942CC0254F00E92477 /* HowToWinRockPaperScissorsTests.xctest */;
			productType = "com.apple.product-type.bundle.unit-test";
		};
		5E36BE9D2CC0254F00E92477 /* HowToWinRockPaperScissorsUITests */ = {
			isa = PBXNativeTarget;
			buildConfigurationList = 5E36BEAE2CC0254F00E92477 /* Build configuration list for PBXNativeTarget "HowToWinRockPaperScissorsUITests" */;
			buildPhases = (
				5E36BE9A2CC0254F00E92477 /* Sources */,
				5E36BE9B2CC0254F00E92477 /* Frameworks */,
				5E36BE9C2CC0254F00E92477 /* Resources */,
			);
			buildRules = (
			);
			dependencies = (
				5E36BEA02CC0254F00E92477 /* PBXTargetDependency */,
			);
			fileSystemSynchronizedGroups = (
				5E36BEA12CC0254F00E92477 /* HowToWinRockPaperScissorsUITests */,
			);
			name = HowToWinRockPaperScissorsUITests;
			packageProductDependencies = (
			);
			productName = HowToWinRockPaperScissorsUITests;
			productReference = 5E36BE9E2CC0254F00E92477 /* HowToWinRockPaperScissorsUITests.xctest */;
			productType = "com.apple.product-type.bundle.ui-testing";
		};
/* End PBXNativeTarget section */

/* Begin PBXProject section */
		5E36BE7C2CC0254E00E92477 /* Project object */ = {
			isa = PBXProject;
			attributes = {
				BuildIndependentTargetsInParallel = 1;
				LastSwiftUpdateCheck = 1600;
				LastUpgradeCheck = 1600;
				TargetAttributes = {
					5E36BE832CC0254E00E92477 = {
						CreatedOnToolsVersion = 16.0;
					};
					5E36BE932CC0254F00E92477 = {
						CreatedOnToolsVersion = 16.0;
						TestTargetID = 5E36BE832CC0254E00E92477;
					};
					5E36BE9D2CC0254F00E92477 = {
						CreatedOnToolsVersion = 16.0;
						TestTargetID = 5E36BE832CC0254E00E92477;
					};
				};
			};
			buildConfigurationList = 5E36BE7F2CC0254E00E92477 /* Build configuration list for PBXProject "HowToWinRockPaperScissors" */;
			developmentRegion = en;
			hasScannedForEncodings = 0;
			knownRegions = (
				en,
				Base,
			);
			mainGroup = 5E36BE7B2CC0254E00E92477;
			minimizedProjectReferenceProxies = 1;
			preferredProjectObjectVersion = 77;
			productRefGroup = 5E36BE852CC0254E00E92477 /* Products */;
			projectDirPath = "";
			projectRoot = "";
			targets = (
				5E36BE832CC0254E00E92477 /* HowToWinRockPaperScissors */,
				5E36BE932CC0254F00E92477 /* HowToWinRockPaperScissorsTests */,
				5E36BE9D2CC0254F00E92477 /* HowToWinRockPaperScissorsUITests */,
			);
		};
/* End PBXProject section */

/* Begin PBXResourcesBuildPhase section */
		5E36BE822CC0254E00E92477 /* Resources */ = {
			isa = PBXResourcesBuildPhase;
			buildActionMask = 2147483647;
			files = (
			);
			runOnlyForDeploymentPostprocessing = 0;
		};
		5E36BE922CC0254F00E92477 /* Resources */ = {
			isa = PBXResourcesBuildPhase;
			buildActionMask = 2147483647;
			files = (
			);
			runOnlyForDeploymentPostprocessing = 0;
		};
		5E36BE9C2CC0254F00E92477 /* Resources */ = {
			isa = PBXResourcesBuildPhase;
			buildActionMask = 2147483647;
			files = (
			);
			runOnlyForDeploymentPostprocessing = 0;
		};
/* End PBXResourcesBuildPhase section */

/* Begin PBXSourcesBuildPhase section */
		5E36BE802CC0254E00E92477 /* Sources */ = {
			isa = PBXSourcesBuildPhase;
			buildActionMask = 2147483647;
			files = (
			);
			runOnlyForDeploymentPostprocessing = 0;
		};
		5E36BE902CC0254F00E92477 /* Sources */ = {
			isa = PBXSourcesBuildPhase;
			buildActionMask = 2147483647;
			files = (
			);
			runOnlyForDeploymentPostprocessing = 0;
		};
		5E36BE9A2CC0254F00E92477 /* Sources */ = {
			isa = PBXSourcesBuildPhase;
			buildActionMask = 2147483647;
			files = (
			);
			runOnlyForDeploymentPostprocessing = 0;
		};
/* End PBXSourcesBuildPhase section */

/* Begin PBXTargetDependency section */
		5E36BE962CC0254F00E92477 /* PBXTargetDependency */ = {
			isa = PBXTargetDependency;
			target = 5E36BE832CC0254E00E92477 /* HowToWinRockPaperScissors */;
			targetProxy = 5E36BE952CC0254F00E92477 /* PBXContainerItemProxy */;
		};
		5E36BEA02CC0254F00E92477 /* PBXTargetDependency */ = {
			isa = PBXTargetDependency;
			target = 5E36BE832CC0254E00E92477 /* HowToWinRockPaperScissors */;
			targetProxy = 5E36BE9F2CC0254F00E92477 /* PBXContainerItemProxy */;
		};
/* End PBXTargetDependency section */

/* Begin XCBuildConfiguration section */
		5E36BEA62CC0254F00E92477 /* Debug */ = {
			isa = XCBuildConfiguration;
			buildSettings = {
				ALWAYS_SEARCH_USER_PATHS = NO;
				ASSETCATALOG_COMPILER_GENERATE_SWIFT_ASSET_SYMBOL_EXTENSIONS = YES;
				CLANG_ANALYZER_NONNULL = YES;
				CLANG_ANALYZER_NUMBER_OBJECT_CONVERSION = YES_AGGRESSIVE;
				CLANG_CXX_LANGUAGE_STANDARD = "gnu++20";
				CLANG_ENABLE_MODULES = YES;
				CLANG_ENABLE_OBJC_ARC = YES;
				CLANG_ENABLE_OBJC_WEAK = YES;
				CLANG_WARN_BLOCK_CAPTURE_AUTORELEASING = YES;
				CLANG_WARN_BOOL_CONVERSION = YES;
				CLANG_WARN_COMMA = YES;
				CLANG_WARN_CONSTANT_CONVERSION = YES;
				CLANG_WARN_DEPRECATED_OBJC_IMPLEMENTATIONS = YES;
				CLANG_WARN_DIRECT_OBJC_ISA_USAGE = YES_ERROR;
				CLANG_WARN_DOCUMENTATION_COMMENTS = YES;
				CLANG_WARN_EMPTY_BODY = YES;
				CLANG_WARN_ENUM_CONVERSION = YES;
				CLANG_WARN_INFINITE_RECURSION = YES;
				CLANG_WARN_INT_CONVERSION = YES;
				CLANG_WARN_NON_LITERAL_NULL_CONVERSION = YES;
				CLANG_WARN_OBJC_IMPLICIT_RETAIN_SELF = YES;
				CLANG_WARN_OBJC_LITERAL_CONVERSION = YES;
				CLANG_WARN_OBJC_ROOT_CLASS = YES_ERROR;
				CLANG_WARN_QUOTED_INCLUDE_IN_FRAMEWORK_HEADER = YES;
				CLANG_WARN_RANGE_LOOP_ANALYSIS = YES;
				CLANG_WARN_STRICT_PROTOTYPES = YES;
				CLANG_WARN_SUSPICIOUS_MOVE = YES;
				CLANG_WARN_UNGUARDED_AVAILABILITY = YES_AGGRESSIVE;
				CLANG_WARN_UNREACHABLE_CODE = YES;
				CLANG_WARN__DUPLICATE_METHOD_MATCH = YES;
				COPY_PHASE_STRIP = NO;
				DEBUG_INFORMATION_FORMAT = dwarf;
				ENABLE_STRICT_OBJC_MSGSEND = YES;
				ENABLE_TESTABILITY = YES;
				ENABLE_USER_SCRIPT_SANDBOXING = YES;
				GCC_C_LANGUAGE_STANDARD = gnu17;
				GCC_DYNAMIC_NO_PIC = NO;
				GCC_NO_COMMON_BLOCKS = YES;
				GCC_OPTIMIZATION_LEVEL = 0;
				GCC_PREPROCESSOR_DEFINITIONS = (
					"DEBUG=1",
					"$(inherited)",
				);
				GCC_WARN_64_TO_32_BIT_CONVERSION = YES;
				GCC_WARN_ABOUT_RETURN_TYPE = YES_ERROR;
				GCC_WARN_UNDECLARED_SELECTOR = YES;
				GCC_WARN_UNINITIALIZED_AUTOS = YES_AGGRESSIVE;
				GCC_WARN_UNUSED_FUNCTION = YES;
				GCC_WARN_UNUSED_VARIABLE = YES;
				IPHONEOS_DEPLOYMENT_TARGET = 18.0;
				LOCALIZATION_PREFERS_STRING_CATALOGS = YES;
				MTL_ENABLE_DEBUG_INFO = INCLUDE_SOURCE;
				MTL_FAST_MATH = YES;
				ONLY_ACTIVE_ARCH = YES;
				SDKROOT = iphoneos;
				SWIFT_ACTIVE_COMPILATION_CONDITIONS = "DEBUG $(inherited)";
				SWIFT_OPTIMIZATION_LEVEL = "-Onone";
			};
			name = Debug;
		};
		5E36BEA72CC0254F00E92477 /* Release */ = {
			isa = XCBuildConfiguration;
			buildSettings = {
				ALWAYS_SEARCH_USER_PATHS = NO;
				ASSETCATALOG_COMPILER_GENERATE_SWIFT_ASSET_SYMBOL_EXTENSIONS = YES;
				CLANG_ANALYZER_NONNULL = YES;
				CLANG_ANALYZER_NUMBER_OBJECT_CONVERSION = YES_AGGRESSIVE;
				CLANG_CXX_LANGUAGE_STANDARD = "gnu++20";
				CLANG_ENABLE_MODULES = YES;
				CLANG_ENABLE_OBJC_ARC = YES;
				CLANG_ENABLE_OBJC_WEAK = YES;
				CLANG_WARN_BLOCK_CAPTURE_AUTORELEASING = YES;
				CLANG_WARN_BOOL_CONVERSION = YES;
				CLANG_WARN_COMMA = YES;
				CLANG_WARN_CONSTANT_CONVERSION = YES;
				CLANG_WARN_DEPRECATED_OBJC_IMPLEMENTATIONS = YES;
				CLANG_WARN_DIRECT_OBJC_ISA_USAGE = YES_ERROR;
				CLANG_WARN_DOCUMENTATION_COMMENTS = YES;
				CLANG_WARN_EMPTY_BODY = YES;
				CLANG_WARN_ENUM_CONVERSION = YES;
				CLANG_WARN_INFINITE_RECURSION = YES;
				CLANG_WARN_INT_CONVERSION = YES;
				CLANG_WARN_NON_LITERAL_NULL_CONVERSION = YES;
				CLANG_WARN_OBJC_IMPLICIT_RETAIN_SELF = YES;
				CLANG_WARN_OBJC_LITERAL_CONVERSION = YES;
				CLANG_WARN_OBJC_ROOT_CLASS = YES_ERROR;
				CLANG_WARN_QUOTED_INCLUDE_IN_FRAMEWORK_HEADER = YES;
				CLANG_WARN_RANGE_LOOP_ANALYSIS = YES;
				CLANG_WARN_STRICT_PROTOTYPES = YES;
				CLANG_WARN_SUSPICIOUS_MOVE = YES;
				CLANG_WARN_UNGUARDED_AVAILABILITY = YES_AGGRESSIVE;
				CLANG_WARN_UNREACHABLE_CODE = YES;
				CLANG_WARN__DUPLICATE_METHOD_MATCH = YES;
				COPY_PHASE_STRIP = NO;
				DEBUG_INFORMATION_FORMAT = "dwarf-with-dsym";
				ENABLE_NS_ASSERTIONS = NO;
				ENABLE_STRICT_OBJC_MSGSEND = YES;
				ENABLE_USER_SCRIPT_SANDBOXING = YES;
				GCC_C_LANGUAGE_STANDARD = gnu17;
				GCC_NO_COMMON_BLOCKS = YES;
				GCC_WARN_64_TO_32_BIT_CONVERSION = YES;
				GCC_WARN_ABOUT_RETURN_TYPE = YES_ERROR;
				GCC_WARN_UNDECLARED_SELECTOR = YES;
				GCC_WARN_UNINITIALIZED_AUTOS = YES_AGGRESSIVE;
				GCC_WARN_UNUSED_FUNCTION = YES;
				GCC_WARN_UNUSED_VARIABLE = YES;
				IPHONEOS_DEPLOYMENT_TARGET = 18.0;
				LOCALIZATION_PREFERS_STRING_CATALOGS = YES;
				MTL_ENABLE_DEBUG_INFO = NO;
				MTL_FAST_MATH = YES;
				SDKROOT = iphoneos;
				SWIFT_COMPILATION_MODE = wholemodule;
				VALIDATE_PRODUCT = YES;
			};
			name = Release;
		};
		5E36BEA92CC0254F00E92477 /* Debug */ = {
			isa = XCBuildConfiguration;
			buildSettings = {
				ASSETCATALOG_COMPILER_APPICON_NAME = AppIcon;
				ASSETCATALOG_COMPILER_GLOBAL_ACCENT_COLOR_NAME = AccentColor;
				CODE_SIGN_STYLE = Automatic;
				CURRENT_PROJECT_VERSION = 1;
				DEVELOPMENT_ASSET_PATHS = "\"HowToWinRockPaperScissors/Preview Content\"";
				ENABLE_PREVIEWS = YES;
				GENERATE_INFOPLIST_FILE = YES;
				INFOPLIST_KEY_UIApplicationSceneManifest_Generation = YES;
				INFOPLIST_KEY_UIApplicationSupportsIndirectInputEvents = YES;
				INFOPLIST_KEY_UILaunchScreen_Generation = YES;
				INFOPLIST_KEY_UISupportedInterfaceOrientations_iPad = "UIInterfaceOrientationPortrait UIInterfaceOrientationPortraitUpsideDown UIInterfaceOrientationLandscapeLeft UIInterfaceOrientationLandscapeRight";
				INFOPLIST_KEY_UISupportedInterfaceOrientations_iPhone = "UIInterfaceOrientationPortrait UIInterfaceOrientationLandscapeLeft UIInterfaceOrientationLandscapeRight";
				LD_RUNPATH_SEARCH_PATHS = (
					"$(inherited)",
					"@executable_path/Frameworks",
				);
				MARKETING_VERSION = 1.0;
				PRODUCT_BUNDLE_IDENTIFIER = pmprogramms.HowToWinRockPaperScissors;
				PRODUCT_NAME = "$(TARGET_NAME)";
				SWIFT_EMIT_LOC_STRINGS = YES;
				SWIFT_VERSION = 5.0;
				TARGETED_DEVICE_FAMILY = "1,2";
			};
			name = Debug;
		};
		5E36BEAA2CC0254F00E92477 /* Release */ = {
			isa = XCBuildConfiguration;
			buildSettings = {
				ASSETCATALOG_COMPILER_APPICON_NAME = AppIcon;
				ASSETCATALOG_COMPILER_GLOBAL_ACCENT_COLOR_NAME = AccentColor;
				CODE_SIGN_STYLE = Automatic;
				CURRENT_PROJECT_VERSION = 1;
				DEVELOPMENT_ASSET_PATHS = "\"HowToWinRockPaperScissors/Preview Content\"";
				ENABLE_PREVIEWS = YES;
				GENERATE_INFOPLIST_FILE = YES;
				INFOPLIST_KEY_UIApplicationSceneManifest_Generation = YES;
				INFOPLIST_KEY_UIApplicationSupportsIndirectInputEvents = YES;
				INFOPLIST_KEY_UILaunchScreen_Generation = YES;
				INFOPLIST_KEY_UISupportedInterfaceOrientations_iPad = "UIInterfaceOrientationPortrait UIInterfaceOrientationPortraitUpsideDown UIInterfaceOrientationLandscapeLeft UIInterfaceOrientationLandscapeRight";
				INFOPLIST_KEY_UISupportedInterfaceOrientations_iPhone = "UIInterfaceOrientationPortrait UIInterfaceOrientationLandscapeLeft UIInterfaceOrientationLandscapeRight";
				LD_RUNPATH_SEARCH_PATHS = (
					"$(inherited)",
					"@executable_path/Frameworks",
				);
				MARKETING_VERSION = 1.0;
				PRODUCT_BUNDLE_IDENTIFIER = pmprogramms.HowToWinRockPaperScissors;
				PRODUCT_NAME = "$(TARGET_NAME)";
				SWIFT_EMIT_LOC_STRINGS = YES;
				SWIFT_VERSION = 5.0;
				TARGETED_DEVICE_FAMILY = "1,2";
			};
			name = Release;
		};
		5E36BEAC2CC0254F00E92477 /* Debug */ = {
			isa = XCBuildConfiguration;
			buildSettings = {
				BUNDLE_LOADER = "$(TEST_HOST)";
				CODE_SIGN_STYLE = Automatic;
				CURRENT_PROJECT_VERSION = 1;
				GENERATE_INFOPLIST_FILE = YES;
				IPHONEOS_DEPLOYMENT_TARGET = 18.0;
				MARKETING_VERSION = 1.0;
				PRODUCT_BUNDLE_IDENTIFIER = pmprogramms.HowToWinRockPaperScissorsTests;
				PRODUCT_NAME = "$(TARGET_NAME)";
				SWIFT_EMIT_LOC_STRINGS = NO;
				SWIFT_VERSION = 5.0;
				TARGETED_DEVICE_FAMILY = "1,2";
				TEST_HOST = "$(BUILT_PRODUCTS_DIR)/HowToWinRockPaperScissors.app/$(BUNDLE_EXECUTABLE_FOLDER_PATH)/HowToWinRockPaperScissors";
			};
			name = Debug;
		};
		5E36BEAD2CC0254F00E92477 /* Release */ = {
			isa = XCBuildConfiguration;
			buildSettings = {
				BUNDLE_LOADER = "$(TEST_HOST)";
				CODE_SIGN_STYLE = Automatic;
				CURRENT_PROJECT_VERSION = 1;
				GENERATE_INFOPLIST_FILE = YES;
				IPHONEOS_DEPLOYMENT_TARGET = 18.0;
				MARKETING_VERSION = 1.0;
				PRODUCT_BUNDLE_IDENTIFIER = pmprogramms.HowToWinRockPaperScissorsTests;
				PRODUCT_NAME = "$(TARGET_NAME)";
				SWIFT_EMIT_LOC_STRINGS = NO;
				SWIFT_VERSION = 5.0;
				TARGETED_DEVICE_FAMILY = "1,2";
				TEST_HOST = "$(BUILT_PRODUCTS_DIR)/HowToWinRockPaperScissors.app/$(BUNDLE_EXECUTABLE_FOLDER_PATH)/HowToWinRockPaperScissors";
			};
			name = Release;
		};
		5E36BEAF2CC0254F00E92477 /* Debug */ = {
			isa = XCBuildConfiguration;
			buildSettings = {
				CODE_SIGN_STYLE = Automatic;
				CURRENT_PROJECT_VERSION = 1;
				GENERATE_INFOPLIST_FILE = YES;
				MARKETING_VERSION = 1.0;
				PRODUCT_BUNDLE_IDENTIFIER = pmprogramms.HowToWinRockPaperScissorsUITests;
				PRODUCT_NAME = "$(TARGET_NAME)";
				SWIFT_EMIT_LOC_STRINGS = NO;
				SWIFT_VERSION = 5.0;
				TARGETED_DEVICE_FAMILY = "1,2";
				TEST_TARGET_NAME = HowToWinRockPaperScissors;
			};
			name = Debug;
		};
		5E36BEB02CC0254F00E92477 /* Release */ = {
			isa = XCBuildConfiguration;
			buildSettings = {
				CODE_SIGN_STYLE = Automatic;
				CURRENT_PROJECT_VERSION = 1;
				GENERATE_INFOPLIST_FILE = YES;
				MARKETING_VERSION = 1.0;
				PRODUCT_BUNDLE_IDENTIFIER = pmprogramms.HowToWinRockPaperScissorsUITests;
				PRODUCT_NAME = "$(TARGET_NAME)";
				SWIFT_EMIT_LOC_STRINGS = NO;
				SWIFT_VERSION = 5.0;
				TARGETED_DEVICE_FAMILY = "1,2";
				TEST_TARGET_NAME = HowToWinRockPaperScissors;
			};
			name = Release;
		};
/* End XCBuildConfiguration section */

/* Begin XCConfigurationList section */
		5E36BE7F2CC0254E00E92477 /* Build configuration list for PBXProject "HowToWinRockPaperScissors" */ = {
			isa = XCConfigurationList;
			buildConfigurations = (
				5E36BEA62CC0254F00E92477 /* Debug */,
				5E36BEA72CC0254F00E92477 /* Release */,
			);
			defaultConfigurationIsVisible = 0;
			defaultConfigurationName = Release;
		};
		5E36BEA82CC0254F00E92477 /* Build configuration list for PBXNativeTarget "HowToWinRockPaperScissors" */ = {
			isa = XCConfigurationList;
			buildConfigurations = (
				5E36BEA92CC0254F00E92477 /* Debug */,
				5E36BEAA2CC0254F00E92477 /* Release */,
			);
			defaultConfigurationIsVisible = 0;
			defaultConfigurationName = Release;
		};
		5E36BEAB2CC0254F00E92477 /* Build configuration list for PBXNativeTarget "HowToWinRockPaperScissorsTests" */ = {
			isa = XCConfigurationList;
			buildConfigurations = (
				5E36BEAC2CC0254F00E92477 /* Debug */,
				5E36BEAD2CC0254F00E92477 /* Release */,
			);
			defaultConfigurationIsVisible = 0;
			defaultConfigurationName = Release;
		};
		5E36BEAE2CC0254F00E92477 /* Build configuration list for PBXNativeTarget "HowToWinRockPaperScissorsUITests" */ = {
			isa = XCConfigurationList;
			buildConfigurations = (
				5E36BEAF2CC0254F00E92477 /* Debug */,
				5E36BEB02CC0254F00E92477 /* Release */,
			);
			defaultConfigurationIsVisible = 0;
			defaultConfigurationName = Release;
		};
/* End XCConfigurationList section */
	};
	rootObject = 5E36BE7C2CC0254E00E92477 /* Project object */;
}
